
Microsoft Visual Studio Solution File, Format Version 12.00
# Visual Studio 14
VisualStudioVersion = 14.0.25420.1
MinimumVisualStudioVersion = 10.0.40219.1
Project("{FAE04EC0-301F-11D3-BF4B-00C04F79EFBC}") = "Provider", "Provider\Provider.csproj", "{88646897-7989-484C-9DC3-D87B6E186ACD}"
EndProject
Project("{FAE04EC0-301F-11D3-BF4B-00C04F79EFBC}") = "UnitTest", "UnitTest\UnitTest.csproj", "{88C30AC9-97DE-4BAA-BF3B-58D9CF5D8D11}"
EndProject
Project("{FAE04EC0-301F-11D3-BF4B-00C04F79EFBC}") = "IO.Swagger", "IO.Swagger\IO.Swagger.csproj", "{4FFB4D2E-CF32-4E55-85C2-53971ACBD7ED}"
EndProject
Global
	GlobalSection(SolutionConfigurationPlatforms) = preSolution
		Debug|Any CPU = Debug|Any CPU
		Release|Any CPU = Release|Any CPU
	EndGlobalSection
	GlobalSection(ProjectConfigurationPlatforms) = postSolution
		{88646897-7989-484C-9DC3-D87B6E186ACD}.Debug|Any CPU.ActiveCfg = Debug|Any CPU
		{88646897-7989-484C-9DC3-D87B6E186ACD}.Debug|Any CPU.Build.0 = Debug|Any CPU
		{88646897-7989-484C-9DC3-D87B6E186ACD}.Release|Any CPU.ActiveCfg = Release|Any CPU
		{88646897-7989-484C-9DC3-D87B6E186ACD}.Release|Any CPU.Build.0 = Release|Any CPU
		{88C30AC9-97DE-4BAA-BF3B-58D9CF5D8D11}.Debug|Any CPU.ActiveCfg = Debug|Any CPU
		{88C30AC9-97DE-4BAA-BF3B-58D9CF5D8D11}.Debug|Any CPU.Build.0 = Debug|Any CPU
		{88C30AC9-97DE-4BAA-BF3B-58D9CF5D8D11}.Release|Any CPU.ActiveCfg = Release|Any CPU
		{88C30AC9-97DE-4BAA-BF3B-58D9CF5D8D11}.Release|Any CPU.Build.0 = Release|Any CPU
		{4FFB4D2E-CF32-4E55-85C2-53971ACBD7ED}.Debug|Any CPU.ActiveCfg = Debug|Any CPU
		{4FFB4D2E-CF32-4E55-85C2-53971ACBD7ED}.Debug|Any CPU.Build.0 = Debug|Any CPU
		{4FFB4D2E-CF32-4E55-85C2-53971ACBD7ED}.Release|Any CPU.ActiveCfg = Release|Any CPU
		{4FFB4D2E-CF32-4E55-85C2-53971ACBD7ED}.Release|Any CPU.Build.0 = Release|Any CPU
	EndGlobalSection
	GlobalSection(SolutionProperties) = preSolution
		HideSolutionNode = FALSE
	EndGlobalSection
EndGlobal
